
Microsoft Visual Studio Solution File, Format Version 12.00
# Visual Studio Version 16
VisualStudioVersion = 16.0.30907.101
MinimumVisualStudioVersion = 10.0.40219.1
Project("{9A19103F-16F7-4668-BE54-9A1E7A4F7556}") = "AddressBookDay20", "AddressBookDay20\AddressBookDay20.csproj", "{123FC58B-121B-42FB-925D-C656EBA97617}"
EndProject
Project("{FAE04EC0-301F-11D3-BF4B-00C04F79EFBC}") = "AddresBookTestcase", "AddresBookTestcase\AddresBookTestcase.csproj", "{9893AB86-79F2-4B96-B186-6524F04BE6A6}"
EndProject
Global
	GlobalSection(SolutionConfigurationPlatforms) = preSolution
		Debug|Any CPU = Debug|Any CPU
		Release|Any CPU = Release|Any CPU
	EndGlobalSection
	GlobalSection(ProjectConfigurationPlatforms) = postSolution
		{123FC58B-121B-42FB-925D-C656EBA97617}.Debug|Any CPU.ActiveCfg = Debug|Any CPU
		{123FC58B-121B-42FB-925D-C656EBA97617}.Debug|Any CPU.Build.0 = Debug|Any CPU
		{123FC58B-121B-42FB-925D-C656EBA97617}.Release|Any CPU.ActiveCfg = Release|Any CPU
		{123FC58B-121B-42FB-925D-C656EBA97617}.Release|Any CPU.Build.0 = Release|Any CPU
		{9893AB86-79F2-4B96-B186-6524F04BE6A6}.Debug|Any CPU.ActiveCfg = Debug|Any CPU
		{9893AB86-79F2-4B96-B186-6524F04BE6A6}.Debug|Any CPU.Build.0 = Debug|Any CPU
		{9893AB86-79F2-4B96-B186-6524F04BE6A6}.Release|Any CPU.ActiveCfg = Release|Any CPU
		{9893AB86-79F2-4B96-B186-6524F04BE6A6}.Release|Any CPU.Build.0 = Release|Any CPU
	EndGlobalSection
	GlobalSection(SolutionProperties) = preSolution
		HideSolutionNode = FALSE
	EndGlobalSection
	GlobalSection(ExtensibilityGlobals) = postSolution
		SolutionGuid = {6823CB84-DFBC-4037-9477-2090BB1D3D04}
	EndGlobalSection
EndGlobal
